
Microsoft Visual Studio Solution File, Format Version 12.00
# Visual Studio 15
VisualStudioVersion = 15.0.27130.2010
MinimumVisualStudioVersion = 10.0.40219.1
Project("{9A19103F-16F7-4668-BE54-9A1E7A4F7556}") = "cam", "cam\cam.csproj", "{57F337EB-F159-4491-8B08-9427C35AAC12}"
EndProject
Project("{9A19103F-16F7-4668-BE54-9A1E7A4F7556}") = "cam.UnitTests", "cam.UnitTests\cam.UnitTests.csproj", "{5EED2958-E07B-402F-B89A-5BDCE558A2DF}"
EndProject
Global
	GlobalSection(SolutionConfigurationPlatforms) = preSolution
		Debug|Any CPU = Debug|Any CPU
		Release|Any CPU = Release|Any CPU
	EndGlobalSection
	GlobalSection(ProjectConfigurationPlatforms) = postSolution
		{57F337EB-F159-4491-8B08-9427C35AAC12}.Debug|Any CPU.ActiveCfg = Debug|Any CPU
		{57F337EB-F159-4491-8B08-9427C35AAC12}.Debug|Any CPU.Build.0 = Debug|Any CPU
		{57F337EB-F159-4491-8B08-9427C35AAC12}.Release|Any CPU.ActiveCfg = Release|Any CPU
		{57F337EB-F159-4491-8B08-9427C35AAC12}.Release|Any CPU.Build.0 = Release|Any CPU
		{5EED2958-E07B-402F-B89A-5BDCE558A2DF}.Debug|Any CPU.ActiveCfg = Debug|Any CPU
		{5EED2958-E07B-402F-B89A-5BDCE558A2DF}.Debug|Any CPU.Build.0 = Debug|Any CPU
		{5EED2958-E07B-402F-B89A-5BDCE558A2DF}.Release|Any CPU.ActiveCfg = Release|Any CPU
		{5EED2958-E07B-402F-B89A-5BDCE558A2DF}.Release|Any CPU.Build.0 = Release|Any CPU
	EndGlobalSection
	GlobalSection(SolutionProperties) = preSolution
		HideSolutionNode = FALSE
	EndGlobalSection
	GlobalSection(ExtensibilityGlobals) = postSolution
		SolutionGuid = {E097B9FF-0631-40EB-B9E7-AE659F652BF9}
	EndGlobalSection
EndGlobal
